
Microsoft Visual Studio Solution File, Format Version 12.00
# Visual Studio 15
VisualStudioVersion = 15.0.28010.2036
MinimumVisualStudioVersion = 10.0.40219.1
Project("{FAE04EC0-301F-11D3-BF4B-00C04F79EFBC}") = "OwaspDemo", "OwaspDemo\OwaspDemo.csproj", "{71D8B004-F408-46F1-8FC4-202C741A9FF8}"
EndProject
Global
	GlobalSection(SolutionConfigurationPlatforms) = preSolution
		Debug|Any CPU = Debug|Any CPU
		Release|Any CPU = Release|Any CPU
	EndGlobalSection
	GlobalSection(ProjectConfigurationPlatforms) = postSolution
		{71D8B004-F408-46F1-8FC4-202C741A9FF8}.Debug|Any CPU.ActiveCfg = Debug|Any CPU
		{71D8B004-F408-46F1-8FC4-202C741A9FF8}.Debug|Any CPU.Build.0 = Debug|Any CPU
		{71D8B004-F408-46F1-8FC4-202C741A9FF8}.Release|Any CPU.ActiveCfg = Release|Any CPU
		{71D8B004-F408-46F1-8FC4-202C741A9FF8}.Release|Any CPU.Build.0 = Release|Any CPU
	EndGlobalSection
	GlobalSection(SolutionProperties) = preSolution
		HideSolutionNode = FALSE
	EndGlobalSection
	GlobalSection(ExtensibilityGlobals) = postSolution
		SolutionGuid = {E14A53C4-6F34-43C2-B8F0-F2F53FAE94DC}
	EndGlobalSection
EndGlobal
